// !$*UTF8*$!
{
	archiveVersion = 1;
	classes = {
	};
	objectVersion = 50;
	objects = {

/* Begin PBXBuildFile section */
		1F6BB9C52999F06B00368893 /* AppDelegate.swift in Sources */ = {isa = PBXBuildFile; fileRef = 1F6BB9C42999F06B00368893 /* AppDelegate.swift */; };
		1F6BB9C72999F06B00368893 /* SceneDelegate.swift in Sources */ = {isa = PBXBuildFile; fileRef = 1F6BB9C62999F06B00368893 /* SceneDelegate.swift */; };
		1F6BB9C92999F06B00368893 /* ViewController.swift in Sources */ = {isa = PBXBuildFile; fileRef = 1F6BB9C82999F06B00368893 /* ViewController.swift */; };
		1F6BB9CE2999F06D00368893 /* Assets.xcassets in Resources */ = {isa = PBXBuildFile; fileRef = 1F6BB9CD2999F06D00368893 /* Assets.xcassets */; };
		1F6BB9D12999F06D00368893 /* LaunchScreen.storyboard in Resources */ = {isa = PBXBuildFile; fileRef = 1F6BB9CF2999F06D00368893 /* LaunchScreen.storyboard */; };
		1F6BB9DC2999F06E00368893 /* TazkerTests.swift in Sources */ = {isa = PBXBuildFile; fileRef = 1F6BB9DB2999F06E00368893 /* TazkerTests.swift */; };
		1F6BB9E72999F06E00368893 /* TazkerUITests.swift in Sources */ = {isa = PBXBuildFile; fileRef = 1F6BB9E62999F06E00368893 /* TazkerUITests.swift */; };
		1FDB95F9299E168800E085A1 /* BaseModel.swift in Sources */ = {isa = PBXBuildFile; fileRef = 1FDB95F8299E168800E085A1 /* BaseModel.swift */; };
		1FDB9601299E16C700E085A1 /* BaseView.swift in Sources */ = {isa = PBXBuildFile; fileRef = 1FDB9600299E16C700E085A1 /* BaseView.swift */; };
		1FDB9606299E16DF00E085A1 /* BaseVC.swift in Sources */ = {isa = PBXBuildFile; fileRef = 1FDB9605299E16DF00E085A1 /* BaseVC.swift */; };
		1FDB960B299E19D000E085A1 /* Welcome.storyboard in Resources */ = {isa = PBXBuildFile; fileRef = 1FDB960A299E19D000E085A1 /* Welcome.storyboard */; };
		1FDB9610299E19F700E085A1 /* WelcomeVC.swift in Sources */ = {isa = PBXBuildFile; fileRef = 1FDB960F299E19F700E085A1 /* WelcomeVC.swift */; };
		1FDB9615299E1A2F00E085A1 /* WelcomeView.swift in Sources */ = {isa = PBXBuildFile; fileRef = 1FDB9614299E1A2F00E085A1 /* WelcomeView.swift */; };
		1FDB961D299E1A4900E085A1 /* WelcomeModel.swift in Sources */ = {isa = PBXBuildFile; fileRef = 1FDB961C299E1A4900E085A1 /* WelcomeModel.swift */; };
		1FDB9625299E1B7300E085A1 /* GifHandler.swift in Sources */ = {isa = PBXBuildFile; fileRef = 1FDB9624299E1B7300E085A1 /* GifHandler.swift */; };
		1FDB962A299E1E2700E085A1 /* welcome_logo_2.gif in Resources */ = {isa = PBXBuildFile; fileRef = 1FDB9629299E1E2700E085A1 /* welcome_logo_2.gif */; };
		1FDB962F299E1E3200E085A1 /* welcome_logo_1.gif in Resources */ = {isa = PBXBuildFile; fileRef = 1FDB962E299E1E3200E085A1 /* welcome_logo_1.gif */; };
/* End PBXBuildFile section */

/* Begin PBXContainerItemProxy section */
		1F6BB9D82999F06E00368893 /* PBXContainerItemProxy */ = {
			isa = PBXContainerItemProxy;
			containerPortal = 1F6BB9B92999F06B00368893 /* Project object */;
			proxyType = 1;
			remoteGlobalIDString = 1F6BB9C02999F06B00368893;
			remoteInfo = Tazker;
		};
		1F6BB9E32999F06E00368893 /* PBXContainerItemProxy */ = {
			isa = PBXContainerItemProxy;
			containerPortal = 1F6BB9B92999F06B00368893 /* Project object */;
			proxyType = 1;
			remoteGlobalIDString = 1F6BB9C02999F06B00368893;
			remoteInfo = Tazker;
		};
/* End PBXContainerItemProxy section */

/* Begin PBXFileReference section */
		1F6BB9C12999F06B00368893 /* Tazker.app */ = {isa = PBXFileReference; explicitFileType = wrapper.application; includeInIndex = 0; path = Tazker.app; sourceTree = BUILT_PRODUCTS_DIR; };
		1F6BB9C42999F06B00368893 /* AppDelegate.swift */ = {isa = PBXFileReference; lastKnownFileType = sourcecode.swift; path = AppDelegate.swift; sourceTree = "<group>"; };
		1F6BB9C62999F06B00368893 /* SceneDelegate.swift */ = {isa = PBXFileReference; lastKnownFileType = sourcecode.swift; path = SceneDelegate.swift; sourceTree = "<group>"; };
		1F6BB9C82999F06B00368893 /* ViewController.swift */ = {isa = PBXFileReference; lastKnownFileType = sourcecode.swift; path = ViewController.swift; sourceTree = "<group>"; };
		1F6BB9CD2999F06D00368893 /* Assets.xcassets */ = {isa = PBXFileReference; lastKnownFileType = folder.assetcatalog; path = Assets.xcassets; sourceTree = "<group>"; };
		1F6BB9D02999F06D00368893 /* Base */ = {isa = PBXFileReference; lastKnownFileType = file.storyboard; name = Base; path = Base.lproj/LaunchScreen.storyboard; sourceTree = "<group>"; };
		1F6BB9D22999F06D00368893 /* Info.plist */ = {isa = PBXFileReference; lastKnownFileType = text.plist.xml; path = Info.plist; sourceTree = "<group>"; };
		1F6BB9D72999F06E00368893 /* TazkerTests.xctest */ = {isa = PBXFileReference; explicitFileType = wrapper.cfbundle; includeInIndex = 0; path = TazkerTests.xctest; sourceTree = BUILT_PRODUCTS_DIR; };
		1F6BB9DB2999F06E00368893 /* TazkerTests.swift */ = {isa = PBXFileReference; lastKnownFileType = sourcecode.swift; path = TazkerTests.swift; sourceTree = "<group>"; };
		1F6BB9DD2999F06E00368893 /* Info.plist */ = {isa = PBXFileReference; lastKnownFileType = text.plist.xml; path = Info.plist; sourceTree = "<group>"; };
		1F6BB9E22999F06E00368893 /* TazkerUITests.xctest */ = {isa = PBXFileReference; explicitFileType = wrapper.cfbundle; includeInIndex = 0; path = TazkerUITests.xctest; sourceTree = BUILT_PRODUCTS_DIR; };
		1F6BB9E62999F06E00368893 /* TazkerUITests.swift */ = {isa = PBXFileReference; lastKnownFileType = sourcecode.swift; path = TazkerUITests.swift; sourceTree = "<group>"; };
		1F6BB9E82999F06E00368893 /* Info.plist */ = {isa = PBXFileReference; lastKnownFileType = text.plist.xml; path = Info.plist; sourceTree = "<group>"; };
		1FDB95F8299E168800E085A1 /* BaseModel.swift */ = {isa = PBXFileReference; lastKnownFileType = sourcecode.swift; path = BaseModel.swift; sourceTree = "<group>"; };
		1FDB9600299E16C700E085A1 /* BaseView.swift */ = {isa = PBXFileReference; lastKnownFileType = sourcecode.swift; path = BaseView.swift; sourceTree = "<group>"; };
		1FDB9605299E16DF00E085A1 /* BaseVC.swift */ = {isa = PBXFileReference; lastKnownFileType = sourcecode.swift; path = BaseVC.swift; sourceTree = "<group>"; };
		1FDB960A299E19D000E085A1 /* Welcome.storyboard */ = {isa = PBXFileReference; lastKnownFileType = file.storyboard; path = Welcome.storyboard; sourceTree = "<group>"; };
		1FDB960F299E19F700E085A1 /* WelcomeVC.swift */ = {isa = PBXFileReference; lastKnownFileType = sourcecode.swift; path = WelcomeVC.swift; sourceTree = "<group>"; };
		1FDB9614299E1A2F00E085A1 /* WelcomeView.swift */ = {isa = PBXFileReference; lastKnownFileType = sourcecode.swift; path = WelcomeView.swift; sourceTree = "<group>"; };
		1FDB961C299E1A4900E085A1 /* WelcomeModel.swift */ = {isa = PBXFileReference; lastKnownFileType = sourcecode.swift; path = WelcomeModel.swift; sourceTree = "<group>"; };
		1FDB9624299E1B7300E085A1 /* GifHandler.swift */ = {isa = PBXFileReference; lastKnownFileType = sourcecode.swift; path = GifHandler.swift; sourceTree = "<group>"; };
		1FDB9629299E1E2700E085A1 /* welcome_logo_2.gif */ = {isa = PBXFileReference; lastKnownFileType = image.gif; path = welcome_logo_2.gif; sourceTree = "<group>"; };
		1FDB962E299E1E3200E085A1 /* welcome_logo_1.gif */ = {isa = PBXFileReference; lastKnownFileType = image.gif; path = welcome_logo_1.gif; sourceTree = "<group>"; };
/* End PBXFileReference section */

/* Begin PBXFrameworksBuildPhase section */
		1F6BB9BE2999F06B00368893 /* Frameworks */ = {
			isa = PBXFrameworksBuildPhase;
			buildActionMask = 2147483647;
			files = (
			);
			runOnlyForDeploymentPostprocessing = 0;
		};
		1F6BB9D42999F06E00368893 /* Frameworks */ = {
			isa = PBXFrameworksBuildPhase;
			buildActionMask = 2147483647;
			files = (
			);
			runOnlyForDeploymentPostprocessing = 0;
		};
		1F6BB9DF2999F06E00368893 /* Frameworks */ = {
			isa = PBXFrameworksBuildPhase;
			buildActionMask = 2147483647;
			files = (
			);
			runOnlyForDeploymentPostprocessing = 0;
		};
/* End PBXFrameworksBuildPhase section */

/* Begin PBXGroup section */
		1F6BB9B82999F06B00368893 = {
			isa = PBXGroup;
			children = (
				1F6BB9C32999F06B00368893 /* Tazker */,
				1F6BB9DA2999F06E00368893 /* TazkerTests */,
				1F6BB9E52999F06E00368893 /* TazkerUITests */,
				1F6BB9C22999F06B00368893 /* Products */,
			);
			sourceTree = "<group>";
		};
		1F6BB9C22999F06B00368893 /* Products */ = {
			isa = PBXGroup;
			children = (
				1F6BB9C12999F06B00368893 /* Tazker.app */,
				1F6BB9D72999F06E00368893 /* TazkerTests.xctest */,
				1F6BB9E22999F06E00368893 /* TazkerUITests.xctest */,
			);
			name = Products;
			sourceTree = "<group>";
		};
		1F6BB9C32999F06B00368893 /* Tazker */ = {
			isa = PBXGroup;
			children = (
				1FDB95E7299E153900E085A1 /* Resources */,
				1FDB95E6299E152B00E085A1 /* Helpers */,
				1FDB95E5299E152100E085A1 /* Modules */,
				1F6BB9C42999F06B00368893 /* AppDelegate.swift */,
				1F6BB9C62999F06B00368893 /* SceneDelegate.swift */,
				1F6BB9C82999F06B00368893 /* ViewController.swift */,
				1F6BB9CD2999F06D00368893 /* Assets.xcassets */,
				1F6BB9CF2999F06D00368893 /* LaunchScreen.storyboard */,
				1F6BB9D22999F06D00368893 /* Info.plist */,
			);
			path = Tazker;
			sourceTree = "<group>";
		};
		1F6BB9DA2999F06E00368893 /* TazkerTests */ = {
			isa = PBXGroup;
			children = (
				1F6BB9DB2999F06E00368893 /* TazkerTests.swift */,
				1F6BB9DD2999F06E00368893 /* Info.plist */,
			);
			path = TazkerTests;
			sourceTree = "<group>";
		};
		1F6BB9E52999F06E00368893 /* TazkerUITests */ = {
			isa = PBXGroup;
			children = (
				1F6BB9E62999F06E00368893 /* TazkerUITests.swift */,
				1F6BB9E82999F06E00368893 /* Info.plist */,
			);
			path = TazkerUITests;
			sourceTree = "<group>";
		};
		1FDB95E5299E152100E085A1 /* Modules */ = {
			isa = PBXGroup;
			children = (
				1FDB95F4299E166600E085A1 /* Base */,
				1FDB95EA299E160700E085A1 /* Welcome */,
				1FDB95E9299E155A00E085A1 /* Signup */,
				1FDB95E8299E155300E085A1 /* Signin */,
			);
			path = Modules;
			sourceTree = "<group>";
		};
		1FDB95E6299E152B00E085A1 /* Helpers */ = {
			isa = PBXGroup;
			children = (
				1FDB9624299E1B7300E085A1 /* GifHandler.swift */,
			);
			path = Helpers;
			sourceTree = "<group>";
		};
		1FDB95E7299E153900E085A1 /* Resources */ = {
			isa = PBXGroup;
			children = (
				1FDB962E299E1E3200E085A1 /* welcome_logo_1.gif */,
				1FDB9629299E1E2700E085A1 /* welcome_logo_2.gif */,
			);
			path = Resources;
			sourceTree = "<group>";
		};
		1FDB95E8299E155300E085A1 /* Signin */ = {
			isa = PBXGroup;
			children = (
				1FDB95F3299E164D00E085A1 /* Model */,
				1FDB95F2299E164700E085A1 /* View */,
				1FDB95F1299E164300E085A1 /* ViewController */,
			);
			path = Signin;
			sourceTree = "<group>";
		};
		1FDB95E9299E155A00E085A1 /* Signup */ = {
			isa = PBXGroup;
			children = (
				1FDB95F0299E163C00E085A1 /* Model */,
				1FDB95EF299E163700E085A1 /* View */,
				1FDB95EE299E163200E085A1 /* ViewController */,
			);
			path = Signup;
			sourceTree = "<group>";
		};
		1FDB95EA299E160700E085A1 /* Welcome */ = {
			isa = PBXGroup;
			children = (
				1FDB95EB299E161500E085A1 /* Model */,
				1FDB95EC299E161C00E085A1 /* View */,
				1FDB95ED299E162200E085A1 /* ViewController */,
				1FDB960A299E19D000E085A1 /* Welcome.storyboard */,
			);
			path = Welcome;
			sourceTree = "<group>";
		};
		1FDB95EB299E161500E085A1 /* Model */ = {
			isa = PBXGroup;
			children = (
				1FDB961C299E1A4900E085A1 /* WelcomeModel.swift */,
			);
			path = Model;
			sourceTree = "<group>";
		};
		1FDB95EC299E161C00E085A1 /* View */ = {
			isa = PBXGroup;
			children = (
				1FDB9614299E1A2F00E085A1 /* WelcomeView.swift */,
			);
			path = View;
			sourceTree = "<group>";
		};
		1FDB95ED299E162200E085A1 /* ViewController */ = {
			isa = PBXGroup;
			children = (
				1FDB960F299E19F700E085A1 /* WelcomeVC.swift */,
			);
			path = ViewController;
			sourceTree = "<group>";
		};
		1FDB95EE299E163200E085A1 /* ViewController */ = {
			isa = PBXGroup;
			children = (
			);
			path = ViewController;
			sourceTree = "<group>";
		};
		1FDB95EF299E163700E085A1 /* View */ = {
			isa = PBXGroup;
			children = (
			);
			path = View;
			sourceTree = "<group>";
		};
		1FDB95F0299E163C00E085A1 /* Model */ = {
			isa = PBXGroup;
			children = (
			);
			path = Model;
			sourceTree = "<group>";
		};
		1FDB95F1299E164300E085A1 /* ViewController */ = {
			isa = PBXGroup;
			children = (
			);
			path = ViewController;
			sourceTree = "<group>";
		};
		1FDB95F2299E164700E085A1 /* View */ = {
			isa = PBXGroup;
			children = (
			);
			path = View;
			sourceTree = "<group>";
		};
		1FDB95F3299E164D00E085A1 /* Model */ = {
			isa = PBXGroup;
			children = (
			);
			path = Model;
			sourceTree = "<group>";
		};
		1FDB95F4299E166600E085A1 /* Base */ = {
			isa = PBXGroup;
			children = (
				1FDB95F7299E167600E085A1 /* Model */,
				1FDB95F6299E167100E085A1 /* View */,
				1FDB95F5299E166D00E085A1 /* ViewController */,
			);
			path = Base;
			sourceTree = "<group>";
		};
		1FDB95F5299E166D00E085A1 /* ViewController */ = {
			isa = PBXGroup;
			children = (
				1FDB9605299E16DF00E085A1 /* BaseVC.swift */,
			);
			path = ViewController;
			sourceTree = "<group>";
		};
		1FDB95F6299E167100E085A1 /* View */ = {
			isa = PBXGroup;
			children = (
				1FDB9600299E16C700E085A1 /* BaseView.swift */,
			);
			path = View;
			sourceTree = "<group>";
		};
		1FDB95F7299E167600E085A1 /* Model */ = {
			isa = PBXGroup;
			children = (
				1FDB95F8299E168800E085A1 /* BaseModel.swift */,
			);
			path = Model;
			sourceTree = "<group>";
		};
/* End PBXGroup section */

/* Begin PBXNativeTarget section */
		1F6BB9C02999F06B00368893 /* Tazker */ = {
			isa = PBXNativeTarget;
			buildConfigurationList = 1F6BB9EB2999F06E00368893 /* Build configuration list for PBXNativeTarget "Tazker" */;
			buildPhases = (
				1F6BB9BD2999F06B00368893 /* Sources */,
				1F6BB9BE2999F06B00368893 /* Frameworks */,
				1F6BB9BF2999F06B00368893 /* Resources */,
			);
			buildRules = (
			);
			dependencies = (
			);
			name = Tazker;
			productName = Tazker;
			productReference = 1F6BB9C12999F06B00368893 /* Tazker.app */;
			productType = "com.apple.product-type.application";
		};
		1F6BB9D62999F06E00368893 /* TazkerTests */ = {
			isa = PBXNativeTarget;
			buildConfigurationList = 1F6BB9EE2999F06E00368893 /* Build configuration list for PBXNativeTarget "TazkerTests" */;
			buildPhases = (
				1F6BB9D32999F06E00368893 /* Sources */,
				1F6BB9D42999F06E00368893 /* Frameworks */,
				1F6BB9D52999F06E00368893 /* Resources */,
			);
			buildRules = (
			);
			dependencies = (
				1F6BB9D92999F06E00368893 /* PBXTargetDependency */,
			);
			name = TazkerTests;
			productName = TazkerTests;
			productReference = 1F6BB9D72999F06E00368893 /* TazkerTests.xctest */;
			productType = "com.apple.product-type.bundle.unit-test";
		};
		1F6BB9E12999F06E00368893 /* TazkerUITests */ = {
			isa = PBXNativeTarget;
			buildConfigurationList = 1F6BB9F12999F06E00368893 /* Build configuration list for PBXNativeTarget "TazkerUITests" */;
			buildPhases = (
				1F6BB9DE2999F06E00368893 /* Sources */,
				1F6BB9DF2999F06E00368893 /* Frameworks */,
				1F6BB9E02999F06E00368893 /* Resources */,
			);
			buildRules = (
			);
			dependencies = (
				1F6BB9E42999F06E00368893 /* PBXTargetDependency */,
			);
			name = TazkerUITests;
			productName = TazkerUITests;
			productReference = 1F6BB9E22999F06E00368893 /* TazkerUITests.xctest */;
			productType = "com.apple.product-type.bundle.ui-testing";
		};
/* End PBXNativeTarget section */

/* Begin PBXProject section */
		1F6BB9B92999F06B00368893 /* Project object */ = {
			isa = PBXProject;
			attributes = {
				LastSwiftUpdateCheck = 1240;
				LastUpgradeCheck = 1240;
				TargetAttributes = {
					1F6BB9C02999F06B00368893 = {
						CreatedOnToolsVersion = 12.4;
					};
					1F6BB9D62999F06E00368893 = {
						CreatedOnToolsVersion = 12.4;
						TestTargetID = 1F6BB9C02999F06B00368893;
					};
					1F6BB9E12999F06E00368893 = {
						CreatedOnToolsVersion = 12.4;
						TestTargetID = 1F6BB9C02999F06B00368893;
					};
				};
			};
			buildConfigurationList = 1F6BB9BC2999F06B00368893 /* Build configuration list for PBXProject "Tazker" */;
			compatibilityVersion = "Xcode 9.3";
			developmentRegion = en;
			hasScannedForEncodings = 0;
			knownRegions = (
				en,
				Base,
			);
			mainGroup = 1F6BB9B82999F06B00368893;
			productRefGroup = 1F6BB9C22999F06B00368893 /* Products */;
			projectDirPath = "";
			projectRoot = "";
			targets = (
				1F6BB9C02999F06B00368893 /* Tazker */,
				1F6BB9D62999F06E00368893 /* TazkerTests */,
				1F6BB9E12999F06E00368893 /* TazkerUITests */,
			);
		};
/* End PBXProject section */

/* Begin PBXResourcesBuildPhase section */
		1F6BB9BF2999F06B00368893 /* Resources */ = {
			isa = PBXResourcesBuildPhase;
			buildActionMask = 2147483647;
			files = (
				1F6BB9D12999F06D00368893 /* LaunchScreen.storyboard in Resources */,
				1FDB962A299E1E2700E085A1 /* welcome_logo_2.gif in Resources */,
				1FDB960B299E19D000E085A1 /* Welcome.storyboard in Resources */,
				1F6BB9CE2999F06D00368893 /* Assets.xcassets in Resources */,
				1FDB962F299E1E3200E085A1 /* welcome_logo_1.gif in Resources */,
			);
			runOnlyForDeploymentPostprocessing = 0;
		};
		1F6BB9D52999F06E00368893 /* Resources */ = {
			isa = PBXResourcesBuildPhase;
			buildActionMask = 2147483647;
			files = (
			);
			runOnlyForDeploymentPostprocessing = 0;
		};
		1F6BB9E02999F06E00368893 /* Resources */ = {
			isa = PBXResourcesBuildPhase;
			buildActionMask = 2147483647;
			files = (
			);
			runOnlyForDeploymentPostprocessing = 0;
		};
/* End PBXResourcesBuildPhase section */

/* Begin PBXSourcesBuildPhase section */
		1F6BB9BD2999F06B00368893 /* Sources */ = {
			isa = PBXSourcesBuildPhase;
			buildActionMask = 2147483647;
			files = (
				1F6BB9C92999F06B00368893 /* ViewController.swift in Sources */,
				1F6BB9C52999F06B00368893 /* AppDelegate.swift in Sources */,
				1FDB9601299E16C700E085A1 /* BaseView.swift in Sources */,
				1FDB9625299E1B7300E085A1 /* GifHandler.swift in Sources */,
				1FDB9615299E1A2F00E085A1 /* WelcomeView.swift in Sources */,
				1FDB95F9299E168800E085A1 /* BaseModel.swift in Sources */,
				1F6BB9C72999F06B00368893 /* SceneDelegate.swift in Sources */,
				1FDB961D299E1A4900E085A1 /* WelcomeModel.swift in Sources */,
				1FDB9610299E19F700E085A1 /* WelcomeVC.swift in Sources */,
				1FDB9606299E16DF00E085A1 /* BaseVC.swift in Sources */,
			);
			runOnlyForDeploymentPostprocessing = 0;
		};
		1F6BB9D32999F06E00368893 /* Sources */ = {
			isa = PBXSourcesBuildPhase;
			buildActionMask = 2147483647;
			files = (
				1F6BB9DC2999F06E00368893 /* TazkerTests.swift in Sources */,
			);
			runOnlyForDeploymentPostprocessing = 0;
		};
		1F6BB9DE2999F06E00368893 /* Sources */ = {
			isa = PBXSourcesBuildPhase;
			buildActionMask = 2147483647;
			files = (
				1F6BB9E72999F06E00368893 /* TazkerUITests.swift in Sources */,
			);
			runOnlyForDeploymentPostprocessing = 0;
		};
/* End PBXSourcesBuildPhase section */

/* Begin PBXTargetDependency section */
		1F6BB9D92999F06E00368893 /* PBXTargetDependency */ = {
			isa = PBXTargetDependency;
			target = 1F6BB9C02999F06B00368893 /* Tazker */;
			targetProxy = 1F6BB9D82999F06E00368893 /* PBXContainerItemProxy */;
		};
		1F6BB9E42999F06E00368893 /* PBXTargetDependency */ = {
			isa = PBXTargetDependency;
			target = 1F6BB9C02999F06B00368893 /* Tazker */;
			targetProxy = 1F6BB9E32999F06E00368893 /* PBXContainerItemProxy */;
		};
/* End PBXTargetDependency section */

/* Begin PBXVariantGroup section */
		1F6BB9CF2999F06D00368893 /* LaunchScreen.storyboard */ = {
			isa = PBXVariantGroup;
			children = (
				1F6BB9D02999F06D00368893 /* Base */,
			);
			name = LaunchScreen.storyboard;
			sourceTree = "<group>";
		};
/* End PBXVariantGroup section */

/* Begin XCBuildConfiguration section */
		1F6BB9E92999F06E00368893 /* Debug */ = {
			isa = XCBuildConfiguration;
			buildSettings = {
				ALWAYS_SEARCH_USER_PATHS = NO;
				CLANG_ANALYZER_NONNULL = YES;
				CLANG_ANALYZER_NUMBER_OBJECT_CONVERSION = YES_AGGRESSIVE;
				CLANG_CXX_LANGUAGE_STANDARD = "gnu++14";
				CLANG_CXX_LIBRARY = "libc++";
				CLANG_ENABLE_MODULES = YES;
				CLANG_ENABLE_OBJC_ARC = YES;
				CLANG_ENABLE_OBJC_WEAK = YES;
				CLANG_WARN_BLOCK_CAPTURE_AUTORELEASING = YES;
				CLANG_WARN_BOOL_CONVERSION = YES;
				CLANG_WARN_COMMA = YES;
				CLANG_WARN_CONSTANT_CONVERSION = YES;
				CLANG_WARN_DEPRECATED_OBJC_IMPLEMENTATIONS = YES;
				CLANG_WARN_DIRECT_OBJC_ISA_USAGE = YES_ERROR;
				CLANG_WARN_DOCUMENTATION_COMMENTS = YES;
				CLANG_WARN_EMPTY_BODY = YES;
				CLANG_WARN_ENUM_CONVERSION = YES;
				CLANG_WARN_INFINITE_RECURSION = YES;
				CLANG_WARN_INT_CONVERSION = YES;
				CLANG_WARN_NON_LITERAL_NULL_CONVERSION = YES;
				CLANG_WARN_OBJC_IMPLICIT_RETAIN_SELF = YES;
				CLANG_WARN_OBJC_LITERAL_CONVERSION = YES;
				CLANG_WARN_OBJC_ROOT_CLASS = YES_ERROR;
				CLANG_WARN_QUOTED_INCLUDE_IN_FRAMEWORK_HEADER = YES;
				CLANG_WARN_RANGE_LOOP_ANALYSIS = YES;
				CLANG_WARN_STRICT_PROTOTYPES = YES;
				CLANG_WARN_SUSPICIOUS_MOVE = YES;
				CLANG_WARN_UNGUARDED_AVAILABILITY = YES_AGGRESSIVE;
				CLANG_WARN_UNREACHABLE_CODE = YES;
				CLANG_WARN__DUPLICATE_METHOD_MATCH = YES;
				COPY_PHASE_STRIP = NO;
				DEBUG_INFORMATION_FORMAT = dwarf;
				ENABLE_STRICT_OBJC_MSGSEND = YES;
				ENABLE_TESTABILITY = YES;
				GCC_C_LANGUAGE_STANDARD = gnu11;
				GCC_DYNAMIC_NO_PIC = NO;
				GCC_NO_COMMON_BLOCKS = YES;
				GCC_OPTIMIZATION_LEVEL = 0;
				GCC_PREPROCESSOR_DEFINITIONS = (
					"DEBUG=1",
					"$(inherited)",
				);
				GCC_WARN_64_TO_32_BIT_CONVERSION = YES;
				GCC_WARN_ABOUT_RETURN_TYPE = YES_ERROR;
				GCC_WARN_UNDECLARED_SELECTOR = YES;
				GCC_WARN_UNINITIALIZED_AUTOS = YES_AGGRESSIVE;
				GCC_WARN_UNUSED_FUNCTION = YES;
				GCC_WARN_UNUSED_VARIABLE = YES;
				IPHONEOS_DEPLOYMENT_TARGET = 13.0;
				MTL_ENABLE_DEBUG_INFO = INCLUDE_SOURCE;
				MTL_FAST_MATH = YES;
				ONLY_ACTIVE_ARCH = YES;
				SDKROOT = iphoneos;
				SWIFT_ACTIVE_COMPILATION_CONDITIONS = DEBUG;
				SWIFT_OPTIMIZATION_LEVEL = "-Onone";
			};
			name = Debug;
		};
		1F6BB9EA2999F06E00368893 /* Release */ = {
			isa = XCBuildConfiguration;
			buildSettings = {
				ALWAYS_SEARCH_USER_PATHS = NO;
				CLANG_ANALYZER_NONNULL = YES;
				CLANG_ANALYZER_NUMBER_OBJECT_CONVERSION = YES_AGGRESSIVE;
				CLANG_CXX_LANGUAGE_STANDARD = "gnu++14";
				CLANG_CXX_LIBRARY = "libc++";
				CLANG_ENABLE_MODULES = YES;
				CLANG_ENABLE_OBJC_ARC = YES;
				CLANG_ENABLE_OBJC_WEAK = YES;
				CLANG_WARN_BLOCK_CAPTURE_AUTORELEASING = YES;
				CLANG_WARN_BOOL_CONVERSION = YES;
				CLANG_WARN_COMMA = YES;
				CLANG_WARN_CONSTANT_CONVERSION = YES;
				CLANG_WARN_DEPRECATED_OBJC_IMPLEMENTATIONS = YES;
				CLANG_WARN_DIRECT_OBJC_ISA_USAGE = YES_ERROR;
				CLANG_WARN_DOCUMENTATION_COMMENTS = YES;
				CLANG_WARN_EMPTY_BODY = YES;
				CLANG_WARN_ENUM_CONVERSION = YES;
				CLANG_WARN_INFINITE_RECURSION = YES;
				CLANG_WARN_INT_CONVERSION = YES;
				CLANG_WARN_NON_LITERAL_NULL_CONVERSION = YES;
				CLANG_WARN_OBJC_IMPLICIT_RETAIN_SELF = YES;
				CLANG_WARN_OBJC_LITERAL_CONVERSION = YES;
				CLANG_WARN_OBJC_ROOT_CLASS = YES_ERROR;
				CLANG_WARN_QUOTED_INCLUDE_IN_FRAMEWORK_HEADER = YES;
				CLANG_WARN_RANGE_LOOP_ANALYSIS = YES;
				CLANG_WARN_STRICT_PROTOTYPES = YES;
				CLANG_WARN_SUSPICIOUS_MOVE = YES;
				CLANG_WARN_UNGUARDED_AVAILABILITY = YES_AGGRESSIVE;
				CLANG_WARN_UNREACHABLE_CODE = YES;
				CLANG_WARN__DUPLICATE_METHOD_MATCH = YES;
				COPY_PHASE_STRIP = NO;
				DEBUG_INFORMATION_FORMAT = "dwarf-with-dsym";
				ENABLE_NS_ASSERTIONS = NO;
				ENABLE_STRICT_OBJC_MSGSEND = YES;
				GCC_C_LANGUAGE_STANDARD = gnu11;
				GCC_NO_COMMON_BLOCKS = YES;
				GCC_WARN_64_TO_32_BIT_CONVERSION = YES;
				GCC_WARN_ABOUT_RETURN_TYPE = YES_ERROR;
				GCC_WARN_UNDECLARED_SELECTOR = YES;
				GCC_WARN_UNINITIALIZED_AUTOS = YES_AGGRESSIVE;
				GCC_WARN_UNUSED_FUNCTION = YES;
				GCC_WARN_UNUSED_VARIABLE = YES;
				IPHONEOS_DEPLOYMENT_TARGET = 13.0;
				MTL_ENABLE_DEBUG_INFO = NO;
				MTL_FAST_MATH = YES;
				SDKROOT = iphoneos;
				SWIFT_COMPILATION_MODE = wholemodule;
				SWIFT_OPTIMIZATION_LEVEL = "-O";
				VALIDATE_PRODUCT = YES;
			};
			name = Release;
		};
		1F6BB9EC2999F06E00368893 /* Debug */ = {
			isa = XCBuildConfiguration;
			buildSettings = {
				ASSETCATALOG_COMPILER_APPICON_NAME = AppIcon;
				ASSETCATALOG_COMPILER_GLOBAL_ACCENT_COLOR_NAME = AccentColor;
				CODE_SIGN_STYLE = Automatic;
				DEVELOPMENT_TEAM = 977CR3U835;
				INFOPLIST_FILE = Tazker/Info.plist;
				LD_RUNPATH_SEARCH_PATHS = (
					"$(inherited)",
					"@executable_path/Frameworks",
				);
				PRODUCT_BUNDLE_IDENTIFIER = cf.karuppasamy.Tazker;
				PRODUCT_NAME = "$(TARGET_NAME)";
				SWIFT_VERSION = 5.0;
				TARGETED_DEVICE_FAMILY = "1,2";
			};
			name = Debug;
		};
		1F6BB9ED2999F06E00368893 /* Release */ = {
			isa = XCBuildConfiguration;
			buildSettings = {
				ASSETCATALOG_COMPILER_APPICON_NAME = AppIcon;
				ASSETCATALOG_COMPILER_GLOBAL_ACCENT_COLOR_NAME = AccentColor;
				CODE_SIGN_STYLE = Automatic;
				DEVELOPMENT_TEAM = 977CR3U835;
				INFOPLIST_FILE = Tazker/Info.plist;
				LD_RUNPATH_SEARCH_PATHS = (
					"$(inherited)",
					"@executable_path/Frameworks",
				);
				PRODUCT_BUNDLE_IDENTIFIER = cf.karuppasamy.Tazker;
				PRODUCT_NAME = "$(TARGET_NAME)";
				SWIFT_VERSION = 5.0;
				TARGETED_DEVICE_FAMILY = "1,2";
			};
			name = Release;
		};
		1F6BB9EF2999F06E00368893 /* Debug */ = {
			isa = XCBuildConfiguration;
			buildSettings = {
				ALWAYS_EMBED_SWIFT_STANDARD_LIBRARIES = YES;
				BUNDLE_LOADER = "$(TEST_HOST)";
				CODE_SIGN_STYLE = Automatic;
				DEVELOPMENT_TEAM = 977CR3U835;
				INFOPLIST_FILE = TazkerTests/Info.plist;
				IPHONEOS_DEPLOYMENT_TARGET = 14.4;
				LD_RUNPATH_SEARCH_PATHS = (
					"$(inherited)",
					"@executable_path/Frameworks",
					"@loader_path/Frameworks",
				);
				PRODUCT_BUNDLE_IDENTIFIER = cf.karuppasamy.TazkerTests;
				PRODUCT_NAME = "$(TARGET_NAME)";
				SWIFT_VERSION = 5.0;
				TARGETED_DEVICE_FAMILY = "1,2";
				TEST_HOST = "$(BUILT_PRODUCTS_DIR)/Tazker.app/Tazker";
			};
			name = Debug;
		};
		1F6BB9F02999F06E00368893 /* Release */ = {
			isa = XCBuildConfiguration;
			buildSettings = {
				ALWAYS_EMBED_SWIFT_STANDARD_LIBRARIES = YES;
				BUNDLE_LOADER = "$(TEST_HOST)";
				CODE_SIGN_STYLE = Automatic;
				DEVELOPMENT_TEAM = 977CR3U835;
				INFOPLIST_FILE = TazkerTests/Info.plist;
				IPHONEOS_DEPLOYMENT_TARGET = 14.4;
				LD_RUNPATH_SEARCH_PATHS = (
					"$(inherited)",
					"@executable_path/Frameworks",
					"@loader_path/Frameworks",
				);
				PRODUCT_BUNDLE_IDENTIFIER = cf.karuppasamy.TazkerTests;
				PRODUCT_NAME = "$(TARGET_NAME)";
				SWIFT_VERSION = 5.0;
				TARGETED_DEVICE_FAMILY = "1,2";
				TEST_HOST = "$(BUILT_PRODUCTS_DIR)/Tazker.app/Tazker";
			};
			name = Release;
		};
		1F6BB9F22999F06E00368893 /* Debug */ = {
			isa = XCBuildConfiguration;
			buildSettings = {
				ALWAYS_EMBED_SWIFT_STANDARD_LIBRARIES = YES;
				CODE_SIGN_STYLE = Automatic;
				DEVELOPMENT_TEAM = 977CR3U835;
				INFOPLIST_FILE = TazkerUITests/Info.plist;
				LD_RUNPATH_SEARCH_PATHS = (
					"$(inherited)",
					"@executable_path/Frameworks",
					"@loader_path/Frameworks",
				);
				PRODUCT_BUNDLE_IDENTIFIER = cf.karuppasamy.TazkerUITests;
				PRODUCT_NAME = "$(TARGET_NAME)";
				SWIFT_VERSION = 5.0;
				TARGETED_DEVICE_FAMILY = "1,2";
				TEST_TARGET_NAME = Tazker;
			};
			name = Debug;
		};
		1F6BB9F32999F06E00368893 /* Release */ = {
			isa = XCBuildConfiguration;
			buildSettings = {
				ALWAYS_EMBED_SWIFT_STANDARD_LIBRARIES = YES;
				CODE_SIGN_STYLE = Automatic;
				DEVELOPMENT_TEAM = 977CR3U835;
				INFOPLIST_FILE = TazkerUITests/Info.plist;
				LD_RUNPATH_SEARCH_PATHS = (
					"$(inherited)",
					"@executable_path/Frameworks",
					"@loader_path/Frameworks",
				);
				PRODUCT_BUNDLE_IDENTIFIER = cf.karuppasamy.TazkerUITests;
				PRODUCT_NAME = "$(TARGET_NAME)";
				SWIFT_VERSION = 5.0;
				TARGETED_DEVICE_FAMILY = "1,2";
				TEST_TARGET_NAME = Tazker;
			};
			name = Release;
		};
/* End XCBuildConfiguration section */

/* Begin XCConfigurationList section */
		1F6BB9BC2999F06B00368893 /* Build configuration list for PBXProject "Tazker" */ = {
			isa = XCConfigurationList;
			buildConfigurations = (
				1F6BB9E92999F06E00368893 /* Debug */,
				1F6BB9EA2999F06E00368893 /* Release */,
			);
			defaultConfigurationIsVisible = 0;
			defaultConfigurationName = Release;
		};
		1F6BB9EB2999F06E00368893 /* Build configuration list for PBXNativeTarget "Tazker" */ = {
			isa = XCConfigurationList;
			buildConfigurations = (
				1F6BB9EC2999F06E00368893 /* Debug */,
				1F6BB9ED2999F06E00368893 /* Release */,
			);
			defaultConfigurationIsVisible = 0;
			defaultConfigurationName = Release;
		};
		1F6BB9EE2999F06E00368893 /* Build configuration list for PBXNativeTarget "TazkerTests" */ = {
			isa = XCConfigurationList;
			buildConfigurations = (
				1F6BB9EF2999F06E00368893 /* Debug */,
				1F6BB9F02999F06E00368893 /* Release */,
			);
			defaultConfigurationIsVisible = 0;
			defaultConfigurationName = Release;
		};
		1F6BB9F12999F06E00368893 /* Build configuration list for PBXNativeTarget "TazkerUITests" */ = {
			isa = XCConfigurationList;
			buildConfigurations = (
				1F6BB9F22999F06E00368893 /* Debug */,
				1F6BB9F32999F06E00368893 /* Release */,
			);
			defaultConfigurationIsVisible = 0;
			defaultConfigurationName = Release;
		};
/* End XCConfigurationList section */
	};
	rootObject = 1F6BB9B92999F06B00368893 /* Project object */;
}
